
Microsoft Visual Studio Solution File, Format Version 12.00
# Visual Studio Version 16
VisualStudioVersion = 16.0.31702.278
MinimumVisualStudioVersion = 10.0.40219.1
Project("{FAE04EC0-301F-11D3-BF4B-00C04F79EFBC}") = "Proyecto_SGC", "Proyecto_SGC\Proyecto_SGC.csproj", "{9BF4A027-E2D6-4E8D-AACD-9CA7ACA28B8D}"
EndProject
Global
	GlobalSection(SolutionConfigurationPlatforms) = preSolution
		Debug|Any CPU = Debug|Any CPU
		Release|Any CPU = Release|Any CPU
	EndGlobalSection
	GlobalSection(ProjectConfigurationPlatforms) = postSolution
		{9BF4A027-E2D6-4E8D-AACD-9CA7ACA28B8D}.Debug|Any CPU.ActiveCfg = Debug|Any CPU
		{9BF4A027-E2D6-4E8D-AACD-9CA7ACA28B8D}.Debug|Any CPU.Build.0 = Debug|Any CPU
		{9BF4A027-E2D6-4E8D-AACD-9CA7ACA28B8D}.Release|Any CPU.ActiveCfg = Release|Any CPU
		{9BF4A027-E2D6-4E8D-AACD-9CA7ACA28B8D}.Release|Any CPU.Build.0 = Release|Any CPU
	EndGlobalSection
	GlobalSection(SolutionProperties) = preSolution
		HideSolutionNode = FALSE
	EndGlobalSection
	GlobalSection(ExtensibilityGlobals) = postSolution
		SolutionGuid = {663224B0-068F-4C36-88A3-1D646501E87E}
	EndGlobalSection
EndGlobal
